
Microsoft Visual Studio Solution File, Format Version 12.00
# Visual Studio Version 17
VisualStudioVersion = 17.9.34714.143
MinimumVisualStudioVersion = 10.0.40219.1
Project("{2150E333-8FDC-42A3-9474-1A3956D46DE8}") = "03", "03", "{2A71842E-9F93-4D83-9936-87A38C005F04}"
EndProject
Project("{9A19103F-16F7-4668-BE54-9A1E7A4F7556}") = "ConsoleApp03", "ConsoleApp03\ConsoleApp03.csproj", "{DDDBA2C2-44FE-423C-AEEE-5712AA2EDECD}"
EndProject
Project("{2150E333-8FDC-42A3-9474-1A3956D46DE8}") = "11", "11", "{7B7FB0A7-9FA4-4D6B-8210-3B1D186FA745}"
EndProject
Project("{2150E333-8FDC-42A3-9474-1A3956D46DE8}") = "01", "01", "{92A6419F-1112-4DE0-BD93-6F7B64B2C1E9}"
EndProject
Project("{2150E333-8FDC-42A3-9474-1A3956D46DE8}") = "02", "02", "{493A1571-80F1-474D-A6A8-AB2C0F7DC3CD}"
EndProject
Project("{2150E333-8FDC-42A3-9474-1A3956D46DE8}") = "04", "04", "{D54E14D3-2CF3-4BEE-B4BD-97BDD0EB6CF2}"
EndProject
Project("{2150E333-8FDC-42A3-9474-1A3956D46DE8}") = "05", "05", "{DBEAFC93-006E-4175-8A9E-EF051B766B0C}"
EndProject
Project("{2150E333-8FDC-42A3-9474-1A3956D46DE8}") = "06", "06", "{63E41DE7-2CD8-464F-900C-DA952765FB49}"
EndProject
Project("{2150E333-8FDC-42A3-9474-1A3956D46DE8}") = "07", "07", "{92820F87-3B78-4C64-8002-80837CED99CB}"
EndProject
Project("{2150E333-8FDC-42A3-9474-1A3956D46DE8}") = "08", "08", "{034C58E6-E377-4BC7-8758-2D5F1D033272}"
EndProject
Project("{2150E333-8FDC-42A3-9474-1A3956D46DE8}") = "09", "09", "{96BB62B1-8C07-440D-B51E-7C1CFD0F95C0}"
EndProject
Project("{9A19103F-16F7-4668-BE54-9A1E7A4F7556}") = "ConsoleApp07", "ConsoleApp07\ConsoleApp07.csproj", "{5D4E21B1-0ED7-42F9-98E7-84FCD50BAB37}"
EndProject
Project("{2150E333-8FDC-42A3-9474-1A3956D46DE8}") = "07 Bis", "07 Bis", "{A60F5896-9236-4994-9873-72B03D1B9775}"
EndProject
Project("{9A19103F-16F7-4668-BE54-9A1E7A4F7556}") = "ConsoleApp07Bis", "ConsoleApp07Bis\ConsoleApp07Bis.csproj", "{F0F8617C-8D8C-423E-BF8C-DDEB7041BE1D}"
EndProject
Project("{9A19103F-16F7-4668-BE54-9A1E7A4F7556}") = "ConsoleApp09", "ConsoleApp09\ConsoleApp09.csproj", "{C9699D06-E58B-46FB-A9E0-19D11A295762}"
EndProject
Project("{2150E333-8FDC-42A3-9474-1A3956D46DE8}") = "09 Bis", "09 Bis", "{5D8A34EA-038B-44C6-A945-AB7A797DE36C}"
EndProject
Project("{9A19103F-16F7-4668-BE54-9A1E7A4F7556}") = "ConsoleApp09Bis", "ConsoleApp09Bis\ConsoleApp09Bis.csproj", "{82861D2F-FFFE-4C07-995C-6BDAC679488E}"
EndProject
Project("{2150E333-8FDC-42A3-9474-1A3956D46DE8}") = "10", "10", "{8E014482-4AB5-458C-AB98-E67C22C50E92}"
EndProject
Project("{9A19103F-16F7-4668-BE54-9A1E7A4F7556}") = "ConsoleApp01", "ConsoleApp01\ConsoleApp01.csproj", "{75B1FC1F-147C-40B6-956C-321491D37E48}"
EndProject
Project("{9A19103F-16F7-4668-BE54-9A1E7A4F7556}") = "ConsoleApp02", "ConsoleApp02\ConsoleApp02.csproj", "{1095FEF4-5ECD-4CA2-BDDD-CC409C536F71}"
EndProject
Project("{9A19103F-16F7-4668-BE54-9A1E7A4F7556}") = "ConsoleApp04", "ConsoleApp04\ConsoleApp04.csproj", "{1AB6DD50-38F6-4D08-9F8B-6D7504D62425}"
EndProject
Project("{9A19103F-16F7-4668-BE54-9A1E7A4F7556}") = "ConsoleApp05", "ConsoleApp05\ConsoleApp05.csproj", "{F9F64392-6303-409C-A2A3-29EEAAA02338}"
EndProject
Project("{9A19103F-16F7-4668-BE54-9A1E7A4F7556}") = "ConsoleApp06", "ConsoleApp06\ConsoleApp06.csproj", "{8F213C44-9B07-43E7-8C19-D4A3A09ED310}"
EndProject
Project("{2150E333-8FDC-42A3-9474-1A3956D46DE8}") = "06A", "06A", "{C23BC753-3CEE-463A-AD40-DF2C3FEA2E64}"
EndProject
Project("{9A19103F-16F7-4668-BE54-9A1E7A4F7556}") = "ConsoleApp06A", "ConsoleApp06A\ConsoleApp06A.csproj", "{D3F561CF-7B53-4944-9EFA-29B3CA92D6C7}"
EndProject
Project("{2150E333-8FDC-42A3-9474-1A3956D46DE8}") = "06B", "06B", "{2775F060-A675-41F0-8AB6-FF4BDA11A869}"
EndProject
Project("{9A19103F-16F7-4668-BE54-9A1E7A4F7556}") = "ConsoleApp06B", "ConsoleApp06B\ConsoleApp06B.csproj", "{B93A038B-A148-4DF6-AB1A-1BEA251BC12D}"
EndProject
Project("{2150E333-8FDC-42A3-9474-1A3956D46DE8}") = "07A", "07A", "{BC94198E-B9EE-47BF-BC3C-5AFAEA1196A6}"
EndProject
Project("{9A19103F-16F7-4668-BE54-9A1E7A4F7556}") = "ConsoleApp7A", "ConsoleApp7A\ConsoleApp7A.csproj", "{05107611-7066-4374-915D-01F949CF1036}"
EndProject
Project("{9A19103F-16F7-4668-BE54-9A1E7A4F7556}") = "ConsoleApp7B", "ConsoleApp7B\ConsoleApp7B.csproj", "{7C25AA40-59DB-4CBE-AB1F-DE7B1C686FBE}"
EndProject
Project("{2150E333-8FDC-42A3-9474-1A3956D46DE8}") = "09A", "09A", "{6201EF5C-98C3-4625-9CA5-31D7A9BE8123}"
EndProject
Project("{9A19103F-16F7-4668-BE54-9A1E7A4F7556}") = "ConsoleApp9A", "ConsoleApp9A\ConsoleApp9A.csproj", "{DEC72CD3-8CC8-4E7F-985C-2BA1881070B0}"
EndProject
Project("{9A19103F-16F7-4668-BE54-9A1E7A4F7556}") = "ConsoleApp8", "ConsoleApp8\ConsoleApp8.csproj", "{85651994-3A2A-442B-895F-36B1ADE24C7F}"
EndProject
Project("{9A19103F-16F7-4668-BE54-9A1E7A4F7556}") = "ConsoleApp10", "ConsoleApp10\ConsoleApp10.csproj", "{9A9E5A96-8240-4322-9274-0F082BBB79E3}"
EndProject
Project("{2150E333-8FDC-42A3-9474-1A3956D46DE8}") = "07B", "07B", "{8C4C3B9A-D372-45B2-8EBE-A5096A342B3A}"
EndProject
Project("{FAE04EC0-301F-11D3-BF4B-00C04F79EFBC}") = "ConsoleApp11", "ConsoleApp11\ConsoleApp11.csproj", "{206F7074-04DE-4000-824A-AD61D05451D5}"
EndProject
Project("{2150E333-8FDC-42A3-9474-1A3956D46DE8}") = "11A", "11A", "{E73CAC24-70B9-4926-9AF3-2219ADD1A258}"
EndProject
Project("{FAE04EC0-301F-11D3-BF4B-00C04F79EFBC}") = "ConsoleApp11A", "ConsoleApp11A\ConsoleApp11A.csproj", "{524E2960-82BA-473E-B3D0-643B2983B23B}"
EndProject
Project("{2150E333-8FDC-42A3-9474-1A3956D46DE8}") = "12", "12", "{0645BF28-A6D7-4671-8C5B-A4E4757C1A31}"
EndProject
Project("{FAE04EC0-301F-11D3-BF4B-00C04F79EFBC}") = "ConsoleApp12", "ConsoleApp12\ConsoleApp12.csproj", "{D49C10E2-8514-4C8D-9112-FB2DD6FDFDC0}"
EndProject
Project("{2150E333-8FDC-42A3-9474-1A3956D46DE8}") = "12A", "12A", "{01535235-4733-4F7B-9F21-B2D4F7612178}"
EndProject
Project("{FAE04EC0-301F-11D3-BF4B-00C04F79EFBC}") = "ConsoleApp12A", "ConsoleApp12A\ConsoleApp12A.csproj", "{4D3663DC-DE98-43BB-B1CE-CD2E0960B951}"
EndProject
Global
	GlobalSection(SolutionConfigurationPlatforms) = preSolution
		Debug|Any CPU = Debug|Any CPU
		Release|Any CPU = Release|Any CPU
	EndGlobalSection
	GlobalSection(ProjectConfigurationPlatforms) = postSolution
		{DDDBA2C2-44FE-423C-AEEE-5712AA2EDECD}.Debug|Any CPU.ActiveCfg = Debug|Any CPU
		{DDDBA2C2-44FE-423C-AEEE-5712AA2EDECD}.Debug|Any CPU.Build.0 = Debug|Any CPU
		{DDDBA2C2-44FE-423C-AEEE-5712AA2EDECD}.Release|Any CPU.ActiveCfg = Release|Any CPU
		{DDDBA2C2-44FE-423C-AEEE-5712AA2EDECD}.Release|Any CPU.Build.0 = Release|Any CPU
		{5D4E21B1-0ED7-42F9-98E7-84FCD50BAB37}.Debug|Any CPU.ActiveCfg = Debug|Any CPU
		{5D4E21B1-0ED7-42F9-98E7-84FCD50BAB37}.Debug|Any CPU.Build.0 = Debug|Any CPU
		{5D4E21B1-0ED7-42F9-98E7-84FCD50BAB37}.Release|Any CPU.ActiveCfg = Release|Any CPU
		{5D4E21B1-0ED7-42F9-98E7-84FCD50BAB37}.Release|Any CPU.Build.0 = Release|Any CPU
		{F0F8617C-8D8C-423E-BF8C-DDEB7041BE1D}.Debug|Any CPU.ActiveCfg = Debug|Any CPU
		{F0F8617C-8D8C-423E-BF8C-DDEB7041BE1D}.Debug|Any CPU.Build.0 = Debug|Any CPU
		{F0F8617C-8D8C-423E-BF8C-DDEB7041BE1D}.Release|Any CPU.ActiveCfg = Release|Any CPU
		{F0F8617C-8D8C-423E-BF8C-DDEB7041BE1D}.Release|Any CPU.Build.0 = Release|Any CPU
		{C9699D06-E58B-46FB-A9E0-19D11A295762}.Debug|Any CPU.ActiveCfg = Debug|Any CPU
		{C9699D06-E58B-46FB-A9E0-19D11A295762}.Debug|Any CPU.Build.0 = Debug|Any CPU
		{C9699D06-E58B-46FB-A9E0-19D11A295762}.Release|Any CPU.ActiveCfg = Release|Any CPU
		{C9699D06-E58B-46FB-A9E0-19D11A295762}.Release|Any CPU.Build.0 = Release|Any CPU
		{82861D2F-FFFE-4C07-995C-6BDAC679488E}.Debug|Any CPU.ActiveCfg = Debug|Any CPU
		{82861D2F-FFFE-4C07-995C-6BDAC679488E}.Debug|Any CPU.Build.0 = Debug|Any CPU
		{82861D2F-FFFE-4C07-995C-6BDAC679488E}.Release|Any CPU.ActiveCfg = Release|Any CPU
		{82861D2F-FFFE-4C07-995C-6BDAC679488E}.Release|Any CPU.Build.0 = Release|Any CPU
		{75B1FC1F-147C-40B6-956C-321491D37E48}.Debug|Any CPU.ActiveCfg = Debug|Any CPU
		{75B1FC1F-147C-40B6-956C-321491D37E48}.Debug|Any CPU.Build.0 = Debug|Any CPU
		{75B1FC1F-147C-40B6-956C-321491D37E48}.Release|Any CPU.ActiveCfg = Release|Any CPU
		{75B1FC1F-147C-40B6-956C-321491D37E48}.Release|Any CPU.Build.0 = Release|Any CPU
		{1095FEF4-5ECD-4CA2-BDDD-CC409C536F71}.Debug|Any CPU.ActiveCfg = Debug|Any CPU
		{1095FEF4-5ECD-4CA2-BDDD-CC409C536F71}.Debug|Any CPU.Build.0 = Debug|Any CPU
		{1095FEF4-5ECD-4CA2-BDDD-CC409C536F71}.Release|Any CPU.ActiveCfg = Release|Any CPU
		{1095FEF4-5ECD-4CA2-BDDD-CC409C536F71}.Release|Any CPU.Build.0 = Release|Any CPU
		{1AB6DD50-38F6-4D08-9F8B-6D7504D62425}.Debug|Any CPU.ActiveCfg = Debug|Any CPU
		{1AB6DD50-38F6-4D08-9F8B-6D7504D62425}.Debug|Any CPU.Build.0 = Debug|Any CPU
		{1AB6DD50-38F6-4D08-9F8B-6D7504D62425}.Release|Any CPU.ActiveCfg = Release|Any CPU
		{1AB6DD50-38F6-4D08-9F8B-6D7504D62425}.Release|Any CPU.Build.0 = Release|Any CPU
		{F9F64392-6303-409C-A2A3-29EEAAA02338}.Debug|Any CPU.ActiveCfg = Debug|Any CPU
		{F9F64392-6303-409C-A2A3-29EEAAA02338}.Debug|Any CPU.Build.0 = Debug|Any CPU
		{F9F64392-6303-409C-A2A3-29EEAAA02338}.Release|Any CPU.ActiveCfg = Release|Any CPU
		{F9F64392-6303-409C-A2A3-29EEAAA02338}.Release|Any CPU.Build.0 = Release|Any CPU
		{8F213C44-9B07-43E7-8C19-D4A3A09ED310}.Debug|Any CPU.ActiveCfg = Debug|Any CPU
		{8F213C44-9B07-43E7-8C19-D4A3A09ED310}.Debug|Any CPU.Build.0 = Debug|Any CPU
		{8F213C44-9B07-43E7-8C19-D4A3A09ED310}.Release|Any CPU.ActiveCfg = Release|Any CPU
		{8F213C44-9B07-43E7-8C19-D4A3A09ED310}.Release|Any CPU.Build.0 = Release|Any CPU
		{D3F561CF-7B53-4944-9EFA-29B3CA92D6C7}.Debug|Any CPU.ActiveCfg = Debug|Any CPU
		{D3F561CF-7B53-4944-9EFA-29B3CA92D6C7}.Debug|Any CPU.Build.0 = Debug|Any CPU
		{D3F561CF-7B53-4944-9EFA-29B3CA92D6C7}.Release|Any CPU.ActiveCfg = Release|Any CPU
		{D3F561CF-7B53-4944-9EFA-29B3CA92D6C7}.Release|Any CPU.Build.0 = Release|Any CPU
		{B93A038B-A148-4DF6-AB1A-1BEA251BC12D}.Debug|Any CPU.ActiveCfg = Debug|Any CPU
		{B93A038B-A148-4DF6-AB1A-1BEA251BC12D}.Debug|Any CPU.Build.0 = Debug|Any CPU
		{B93A038B-A148-4DF6-AB1A-1BEA251BC12D}.Release|Any CPU.ActiveCfg = Release|Any CPU
		{B93A038B-A148-4DF6-AB1A-1BEA251BC12D}.Release|Any CPU.Build.0 = Release|Any CPU
		{05107611-7066-4374-915D-01F949CF1036}.Debug|Any CPU.ActiveCfg = Debug|Any CPU
		{05107611-7066-4374-915D-01F949CF1036}.Debug|Any CPU.Build.0 = Debug|Any CPU
		{05107611-7066-4374-915D-01F949CF1036}.Release|Any CPU.ActiveCfg = Release|Any CPU
		{05107611-7066-4374-915D-01F949CF1036}.Release|Any CPU.Build.0 = Release|Any CPU
		{7C25AA40-59DB-4CBE-AB1F-DE7B1C686FBE}.Debug|Any CPU.ActiveCfg = Debug|Any CPU
		{7C25AA40-59DB-4CBE-AB1F-DE7B1C686FBE}.Debug|Any CPU.Build.0 = Debug|Any CPU
		{7C25AA40-59DB-4CBE-AB1F-DE7B1C686FBE}.Release|Any CPU.ActiveCfg = Release|Any CPU
		{7C25AA40-59DB-4CBE-AB1F-DE7B1C686FBE}.Release|Any CPU.Build.0 = Release|Any CPU
		{DEC72CD3-8CC8-4E7F-985C-2BA1881070B0}.Debug|Any CPU.ActiveCfg = Debug|Any CPU
		{DEC72CD3-8CC8-4E7F-985C-2BA1881070B0}.Debug|Any CPU.Build.0 = Debug|Any CPU
		{DEC72CD3-8CC8-4E7F-985C-2BA1881070B0}.Release|Any CPU.ActiveCfg = Release|Any CPU
		{DEC72CD3-8CC8-4E7F-985C-2BA1881070B0}.Release|Any CPU.Build.0 = Release|Any CPU
		{85651994-3A2A-442B-895F-36B1ADE24C7F}.Debug|Any CPU.ActiveCfg = Debug|Any CPU
		{85651994-3A2A-442B-895F-36B1ADE24C7F}.Debug|Any CPU.Build.0 = Debug|Any CPU
		{85651994-3A2A-442B-895F-36B1ADE24C7F}.Release|Any CPU.ActiveCfg = Release|Any CPU
		{85651994-3A2A-442B-895F-36B1ADE24C7F}.Release|Any CPU.Build.0 = Release|Any CPU
		{9A9E5A96-8240-4322-9274-0F082BBB79E3}.Debug|Any CPU.ActiveCfg = Debug|Any CPU
		{9A9E5A96-8240-4322-9274-0F082BBB79E3}.Debug|Any CPU.Build.0 = Debug|Any CPU
		{9A9E5A96-8240-4322-9274-0F082BBB79E3}.Release|Any CPU.ActiveCfg = Release|Any CPU
		{9A9E5A96-8240-4322-9274-0F082BBB79E3}.Release|Any CPU.Build.0 = Release|Any CPU
		{206F7074-04DE-4000-824A-AD61D05451D5}.Debug|Any CPU.ActiveCfg = Debug|Any CPU
		{206F7074-04DE-4000-824A-AD61D05451D5}.Debug|Any CPU.Build.0 = Debug|Any CPU
		{206F7074-04DE-4000-824A-AD61D05451D5}.Release|Any CPU.ActiveCfg = Release|Any CPU
		{206F7074-04DE-4000-824A-AD61D05451D5}.Release|Any CPU.Build.0 = Release|Any CPU
		{524E2960-82BA-473E-B3D0-643B2983B23B}.Debug|Any CPU.ActiveCfg = Debug|Any CPU
		{524E2960-82BA-473E-B3D0-643B2983B23B}.Debug|Any CPU.Build.0 = Debug|Any CPU
		{524E2960-82BA-473E-B3D0-643B2983B23B}.Release|Any CPU.ActiveCfg = Release|Any CPU
		{524E2960-82BA-473E-B3D0-643B2983B23B}.Release|Any CPU.Build.0 = Release|Any CPU
		{D49C10E2-8514-4C8D-9112-FB2DD6FDFDC0}.Debug|Any CPU.ActiveCfg = Debug|Any CPU
		{D49C10E2-8514-4C8D-9112-FB2DD6FDFDC0}.Debug|Any CPU.Build.0 = Debug|Any CPU
		{D49C10E2-8514-4C8D-9112-FB2DD6FDFDC0}.Release|Any CPU.ActiveCfg = Release|Any CPU
		{D49C10E2-8514-4C8D-9112-FB2DD6FDFDC0}.Release|Any CPU.Build.0 = Release|Any CPU
		{4D3663DC-DE98-43BB-B1CE-CD2E0960B951}.Debug|Any CPU.ActiveCfg = Debug|Any CPU
		{4D3663DC-DE98-43BB-B1CE-CD2E0960B951}.Debug|Any CPU.Build.0 = Debug|Any CPU
		{4D3663DC-DE98-43BB-B1CE-CD2E0960B951}.Release|Any CPU.ActiveCfg = Release|Any CPU
		{4D3663DC-DE98-43BB-B1CE-CD2E0960B951}.Release|Any CPU.Build.0 = Release|Any CPU
	EndGlobalSection
	GlobalSection(SolutionProperties) = preSolution
		HideSolutionNode = FALSE
	EndGlobalSection
	GlobalSection(NestedProjects) = preSolution
		{DDDBA2C2-44FE-423C-AEEE-5712AA2EDECD} = {2A71842E-9F93-4D83-9936-87A38C005F04}
		{5D4E21B1-0ED7-42F9-98E7-84FCD50BAB37} = {92820F87-3B78-4C64-8002-80837CED99CB}
		{F0F8617C-8D8C-423E-BF8C-DDEB7041BE1D} = {A60F5896-9236-4994-9873-72B03D1B9775}
		{C9699D06-E58B-46FB-A9E0-19D11A295762} = {96BB62B1-8C07-440D-B51E-7C1CFD0F95C0}
		{82861D2F-FFFE-4C07-995C-6BDAC679488E} = {5D8A34EA-038B-44C6-A945-AB7A797DE36C}
		{75B1FC1F-147C-40B6-956C-321491D37E48} = {92A6419F-1112-4DE0-BD93-6F7B64B2C1E9}
		{1095FEF4-5ECD-4CA2-BDDD-CC409C536F71} = {493A1571-80F1-474D-A6A8-AB2C0F7DC3CD}
		{1AB6DD50-38F6-4D08-9F8B-6D7504D62425} = {D54E14D3-2CF3-4BEE-B4BD-97BDD0EB6CF2}
		{F9F64392-6303-409C-A2A3-29EEAAA02338} = {DBEAFC93-006E-4175-8A9E-EF051B766B0C}
		{8F213C44-9B07-43E7-8C19-D4A3A09ED310} = {63E41DE7-2CD8-464F-900C-DA952765FB49}
		{D3F561CF-7B53-4944-9EFA-29B3CA92D6C7} = {C23BC753-3CEE-463A-AD40-DF2C3FEA2E64}
		{B93A038B-A148-4DF6-AB1A-1BEA251BC12D} = {2775F060-A675-41F0-8AB6-FF4BDA11A869}
		{05107611-7066-4374-915D-01F949CF1036} = {BC94198E-B9EE-47BF-BC3C-5AFAEA1196A6}
		{7C25AA40-59DB-4CBE-AB1F-DE7B1C686FBE} = {8C4C3B9A-D372-45B2-8EBE-A5096A342B3A}
		{DEC72CD3-8CC8-4E7F-985C-2BA1881070B0} = {6201EF5C-98C3-4625-9CA5-31D7A9BE8123}
		{85651994-3A2A-442B-895F-36B1ADE24C7F} = {034C58E6-E377-4BC7-8758-2D5F1D033272}
		{9A9E5A96-8240-4322-9274-0F082BBB79E3} = {8E014482-4AB5-458C-AB98-E67C22C50E92}
		{206F7074-04DE-4000-824A-AD61D05451D5} = {7B7FB0A7-9FA4-4D6B-8210-3B1D186FA745}
		{524E2960-82BA-473E-B3D0-643B2983B23B} = {E73CAC24-70B9-4926-9AF3-2219ADD1A258}
		{D49C10E2-8514-4C8D-9112-FB2DD6FDFDC0} = {0645BF28-A6D7-4671-8C5B-A4E4757C1A31}
		{4D3663DC-DE98-43BB-B1CE-CD2E0960B951} = {01535235-4733-4F7B-9F21-B2D4F7612178}
	EndGlobalSection
	GlobalSection(ExtensibilityGlobals) = postSolution
		SolutionGuid = {FF8706F3-14AD-4660-AA12-8E39FBAA4C25}
	EndGlobalSection
EndGlobal
